
Microsoft Visual Studio Solution File, Format Version 12.00
Project("{FAE04EC0-301F-11D3-BF4B-00C04F79EFBC}") = "GeometryTasks", "GeometryTasks\GeometryTasks.csproj", "{04C65EBD-3439-46D5-86EF-FAF1A72A9E08}"
EndProject
Global
	GlobalSection(SolutionConfigurationPlatforms) = preSolution
		Debug|Any CPU = Debug|Any CPU
		Release|Any CPU = Release|Any CPU
	EndGlobalSection
	GlobalSection(ProjectConfigurationPlatforms) = postSolution
		{04C65EBD-3439-46D5-86EF-FAF1A72A9E08}.Debug|Any CPU.ActiveCfg = Debug|Any CPU
		{04C65EBD-3439-46D5-86EF-FAF1A72A9E08}.Debug|Any CPU.Build.0 = Debug|Any CPU
		{04C65EBD-3439-46D5-86EF-FAF1A72A9E08}.Release|Any CPU.ActiveCfg = Release|Any CPU
		{04C65EBD-3439-46D5-86EF-FAF1A72A9E08}.Release|Any CPU.Build.0 = Release|Any CPU
	EndGlobalSection
EndGlobal
